
Microsoft Visual Studio Solution File, Format Version 12.00
# Visual Studio 2012
Project("{FAE04EC0-301F-11D3-BF4B-00C04F79EFBC}") = "md5er", "md5er\md5er.csproj", "{4E66C3FF-951A-415D-B468-C0944EF7363B}"
EndProject
Global
	GlobalSection(SolutionConfigurationPlatforms) = preSolution
		Debug|Any CPU = Debug|Any CPU
		Release|Any CPU = Release|Any CPU
	EndGlobalSection
	GlobalSection(ProjectConfigurationPlatforms) = postSolution
		{4E66C3FF-951A-415D-B468-C0944EF7363B}.Debug|Any CPU.ActiveCfg = Debug|Any CPU
		{4E66C3FF-951A-415D-B468-C0944EF7363B}.Debug|Any CPU.Build.0 = Debug|Any CPU
		{4E66C3FF-951A-415D-B468-C0944EF7363B}.Release|Any CPU.ActiveCfg = Release|Any CPU
		{4E66C3FF-951A-415D-B468-C0944EF7363B}.Release|Any CPU.Build.0 = Release|Any CPU
	EndGlobalSection
	GlobalSection(SolutionProperties) = preSolution
		HideSolutionNode = FALSE
	EndGlobalSection
EndGlobal
